<Solution>
  <Folder Name="/Knowledge/">
    <Project Path="Knowledge/EveConv.DocDecoder/EveConv.DocDecoder.csproj" Id="483ae9aa-c906-4a94-a276-ece6351029d8" />
    <Project Path="Knowledge/EveConv.Knowledge/EveConv.Knowledge.csproj" />
  </Folder>
  <Folder Name="/LLM/">
    <Project Path="LLM/EveConv.Embedding/EveConv.Embedding.csproj" />
    <Project Path="LLM/EveConv.TextGeneration/EveConv.TextGeneration.csproj" />
  </Folder>
  <Folder Name="/Memory/">
    <Project Path="Memory/EveConv.Memory/EveConv.Memory.csproj" />
  </Folder>
  <Folder Name="/Reference/">
    <Project Path="Reference/EveConv.GraphStorage/EveConv.GraphStorage.csproj" />
    <Project Path="Reference/EveConv.MimeType/EveConv.MimeType.csproj" Id="d78cd075-ad41-4e31-857a-e44ca81c97b0" />
    <Project Path="Reference/EveConv.RdbStorage/EveConv.RdbStorage.csproj" />
  </Folder>
  <Folder Name="/Reference/Cache/">
    <Project Path="Reference/Cache/EveConv.Cache.InMemory/EveConv.Cache.InMemory.csproj" />
    <Project Path="Reference/Cache/EveConv.Cache.Redis/EveConv.Cache.Redis.csproj" />
  </Folder>
  <Folder Name="/Reference/VectorStorage/">
    <Project Path="Reference/VectorStorage/EveConv.VectorStorage.Qdrant/EveConv.VectorStorage.Qdrant.csproj" Id="9d0c4525-2924-40c2-b97d-48c0517749a6" />
  </Folder>
  <Folder Name="/Solution Items/">
    <File Path=".editorconfig" />
  </Folder>
  <Project Path="EveConv.Abstraction/EveConv.Abstraction.csproj" />
  <Project Path="EveConv.Api/EveConv.Api.csproj" />
</Solution>
