<Solution>
  <Folder Name="/Connectors/">
    <Project Path="Connectors/EveConv.Connectors.Onnx/EveConv.Connectors.Onnx.csproj" Id="a305a2ec-46b2-4b86-85fb-aff35459545d" />
    <Project Path="Connectors/EveConv.Connectors/EveConv.Connectors.csproj" Id="e63ddcb8-4179-4140-8295-c89f74d5c25c" />
  </Folder>
  <Folder Name="/Core/">
    <Project Path="Core/EveConv.Core.Channel/EveConv.Core.Channel.csproj" Id="1c59e20b-e549-400c-b79c-5bf3a510dc56" />
  </Folder>
  <Folder Name="/Embedder/">
    <Project Path="Embedder/EveConv.Embedder/EveConv.Embedder.csproj" Id="946d3ddf-f951-454a-a33a-63d47fe042f9" />
  </Folder>
  <Folder Name="/Knowledge/">
    <Project Path="Knowledge/EveConv.DocDecoder/EveConv.DocDecoder.csproj" Id="483ae9aa-c906-4a94-a276-ece6351029d8" />
  </Folder>
  <Folder Name="/Memory/">
    <Project Path="Memory/EveConv.Memory/EveConv.Memory.csproj" />
  </Folder>
  <Folder Name="/ModelExecutor/">
    <Project Path="ModelExecutor/EveConv.Onnx/EveConv.Onnx.csproj" Id="f3053c5b-246a-4895-a7fc-1ee87c16ddab" />
  </Folder>
  <Folder Name="/Plugins/">
    <Project Path="Plugins/EveConv.Plugins.Api/EveConv.Plugins.Api.csproj" Id="7c66568a-f38e-4990-b007-de73370964f4" />
    <Project Path="Plugins/EveConv.Plugins.Qwen3Embedding/EveConv.Plugins.Qwen3Embedding.csproj" Id="78b99336-8337-4878-826e-6bba6a2af2f3" />
  </Folder>
  <Folder Name="/Reference/">
    <Project Path="Reference/EveConv.Downloader/EveConv.Downloader.csproj" Id="36ab8f2a-b7a5-46fd-a42f-a26609d04f10" />
    <Project Path="Reference/EveConv.GraphStorage/EveConv.GraphStorage.csproj" />
    <Project Path="Reference/EveConv.HuggingFace/EveConv.HuggingFace.csproj" />
    <Project Path="Reference/EveConv.MimeType/EveConv.MimeType.csproj" Id="d78cd075-ad41-4e31-857a-e44ca81c97b0" />
    <Project Path="Reference/EveConv.RdbStorage/EveConv.RdbStorage.csproj" />
  </Folder>
  <Folder Name="/Reference/Cache/">
    <Project Path="Reference/Cache/EveConv.Cache.InMemory/EveConv.Cache.InMemory.csproj" />
    <Project Path="Reference/Cache/EveConv.Cache.Redis/EveConv.Cache.Redis.csproj" />
    <Project Path="Reference/Cache/EveConv.Cache.RocksDb/EveConv.Cache.RocksDb.csproj" />
  </Folder>
  <Folder Name="/Reference/Channel/">
    <Project Path="Reference/Channel/EveConv.Channel.Client/EveConv.Channel.Client.csproj" />
    <Project Path="Reference/Channel/EveConv.Channel.Common/EveConv.Channel.Common.csproj" />
    <Project Path="Reference/Channel/EveConv.Channel.Server/EveConv.Channel.Server.csproj" Id="1f2cba2a-d9af-4f82-baa9-efd3462da77a" />
  </Folder>
  <Folder Name="/Reference/FileStorage/">
    <Project Path="Reference/FileStorage/EveConv.FileStorage.Local/EveConv.FileStorage.Local.csproj" Id="a9d47fb7-fcde-4e7e-8a38-099042f8e490" />
    <Project Path="Reference/FileStorage/EveConv.FileStorage.S3/EveConv.FileStorage.S3.csproj" Id="050ff246-b66e-4a0d-9ec8-a7bb94dd4f58" />
  </Folder>
  <Folder Name="/Reference/Helper/">
    <Project Path="Reference/Helper/EveConv.HuggingFaceFastTokenizer.Raw/EveConv.HuggingFaceFastTokenizer.Raw.csproj" />
    <Project Path="Reference/Helper/EveConv.S3Helper/EveConv.S3Helper.csproj" Id="3b473ce7-027a-4615-a033-11583bcc0faa" />
  </Folder>
  <Folder Name="/Solution Items/">
    <File Path=".editorconfig" />
  </Folder>
  <Folder Name="/Tests/">
    <Project Path="Tests/EveConv.Abstraction.Tests/EveConv.Abstraction.Tests.csproj" Id="903074b3-1695-40f9-b49b-a110333d83b0" />
    <Project Path="Tests/EveConv.Channel.Client.Tests/EveConv.Channel.Client.Tests.csproj" />
    <Project Path="Tests/EveConv.Channel.Server.Tests/EveConv.Channel.Server.Tests.csproj" Id="9f108615-e9f9-4153-b106-f3fa8e540e08" />
    <Project Path="Tests/EveConv.Core.Channel.Tests/EveConv.Core.Channel.Tests.csproj" />
    <Project Path="Tests/EveConv.Downloader.Tests/EveConv.Downloader.Tests.csproj" Id="4182d8da-1dd4-4112-8e48-b03a1a87a4fc" />
    <Project Path="Tests/EveConv.Embedder.Tests/EveConv.Embedder.Tests.csproj" Id="78966aec-2b65-4ed1-b1f2-8ceb56925e5f" />
    <Project Path="Tests/EveConv.FileStorage.Local.Tests/EveConv.FileStorage.Local.Tests.csproj" Id="3f8e86d1-4c64-4320-b152-60ba0aa26503" />
    <Project Path="Tests/EveConv.FileStorage.S3.Tests/EveConv.FileStorage.S3.Tests.csproj" Id="8f599cd8-1ca1-40c5-b573-e6316adfb27d" />
    <Project Path="Tests/EveConv.HuggingFace.Tests/EveConv.HuggingFace.Tests.csproj" />
    <Project Path="Tests/EveConv.HuggingFaceFastTokenizer.Raw.Tests/EveConv.HuggingFaceFastTokenizer.Raw.Tests.csproj" Id="39b8ead9-f6a4-4163-a86e-880f899df010" />
    <Project Path="Tests/EveConv.Onnx.Tests/EveConv.Onnx.Tests.csproj" Id="20448772-1fc6-45a5-9634-8b6cfc263c54" />
    <Project Path="Tests/EveConv.RdbStorage.Tests/EveConv.RdbStorage.Tests.csproj" />
    <Project Path="Tests/EveConv.S3Helper.Tests/EveConv.S3Helper.Tests.csproj" />
  </Folder>
  <Folder Name="/Tests/Plugins/">
    <Project Path="Tests/Plugins/EveConv.Plugins.Qwen3Embedding.Tests/EveConv.Plugins.Qwen3Embedding.Tests.csproj" Id="c5c722fb-a0e7-4e17-a159-bfea7f2363a4" />
  </Folder>
  <Folder Name="/Tokenizer/">
    <Project Path="Tokenizer/EveConv.HuggingFaceFastTokenizer/EveConv.HuggingFaceFastTokenizer.csproj" Id="6e880fbc-d2ca-4311-97e7-39c90836e2b7" />
  </Folder>
  <Project Path="EveConv.Abstraction/EveConv.Abstraction.csproj" />
</Solution>
