<Solution>
  <Folder Name="/Embedder/">
    <Project Path="Embedder/EveConv.Embedder/EveConv.Embedder.csproj" Id="946d3ddf-f951-454a-a33a-63d47fe042f9" />
  </Folder>
  <Folder Name="/Knowledge/">
    <Project Path="Knowledge/EveConv.DocDecoder/EveConv.DocDecoder.csproj" Id="483ae9aa-c906-4a94-a276-ece6351029d8" />
    <Project Path="Knowledge/EveConv.Knowledge/EveConv.Knowledge.csproj" />
  </Folder>
  <Folder Name="/Memory/">
    <Project Path="Memory/EveConv.Memory/EveConv.Memory.csproj" />
  </Folder>
  <Folder Name="/ModelExecutor/">
    <Project Path="ModelExecutor/EveConv.Onnx/EveConv.Onnx.csproj" Id="f3053c5b-246a-4895-a7fc-1ee87c16ddab" />
  </Folder>
  <Folder Name="/Reference/">
    <Project Path="Reference/EveConv.Downloader/EveConv.Downloader.csproj" Id="36ab8f2a-b7a5-46fd-a42f-a26609d04f10" />
    <Project Path="Reference/EveConv.GraphStorage/EveConv.GraphStorage.csproj" />
    <Project Path="Reference/EveConv.MimeType/EveConv.MimeType.csproj" Id="d78cd075-ad41-4e31-857a-e44ca81c97b0" />
    <Project Path="Reference/EveConv.RdbStorage/EveConv.RdbStorage.csproj" />
  </Folder>
  <Folder Name="/Reference/Cache/">
    <Project Path="Reference/Cache/EveConv.Cache.InMemory/EveConv.Cache.InMemory.csproj" />
    <Project Path="Reference/Cache/EveConv.Cache.Redis/EveConv.Cache.Redis.csproj" />
  </Folder>
  <Folder Name="/Reference/FileStorage/">
    <Project Path="Reference/FileStorage/EveConv.FileStorage.Local/EveConv.FileStorage.Local.csproj" Id="a9d47fb7-fcde-4e7e-8a38-099042f8e490" />
    <Project Path="Reference/FileStorage/EveConv.FileStorage.S3/EveConv.FileStorage.S3.csproj" Id="050ff246-b66e-4a0d-9ec8-a7bb94dd4f58" />
  </Folder>
  <Folder Name="/Reference/Helper/">
    <Project Path="Reference/Helper/EveConv.HuggingFaceFastTokenizer.Raw/EveConv.HuggingFaceFastTokenizer.Raw.csproj" />
    <Project Path="Reference/Helper/EveConv.S3Helper/EveConv.S3Helper.csproj" Id="3b473ce7-027a-4615-a033-11583bcc0faa" />
  </Folder>
  <Folder Name="/Reference/VectorStorage/">
    <Project Path="Reference/VectorStorage/EveConv.VectorStorage.Qdrant/EveConv.VectorStorage.Qdrant.csproj" Id="9d0c4525-2924-40c2-b97d-48c0517749a6" />
  </Folder>
  <Folder Name="/Solution Items/">
    <File Path=".editorconfig" />
  </Folder>
  <Folder Name="/Tests/">
    <Project Path="Tests/EveConv.Abstraction.Tests/EveConv.Abstraction.Tests.csproj" Id="903074b3-1695-40f9-b49b-a110333d83b0" />
    <Project Path="Tests/EveConv.Downloader.Tests/EveConv.Downloader.Tests.csproj" Id="4182d8da-1dd4-4112-8e48-b03a1a87a4fc" />
    <Project Path="Tests/EveConv.FileStorage.Local.Tests/EveConv.FileStorage.Local.Tests.csproj" Id="3f8e86d1-4c64-4320-b152-60ba0aa26503" />
    <Project Path="Tests/EveConv.FileStorage.S3.Tests/EveConv.FileStorage.S3.Tests.csproj" Id="8f599cd8-1ca1-40c5-b573-e6316adfb27d" />
    <Project Path="Tests/EveConv.HuggingFaceFastTokenizer.Raw.Tests/EveConv.HuggingFaceFastTokenizer.Raw.Tests.csproj" Id="39b8ead9-f6a4-4163-a86e-880f899df010" />
    <Project Path="Tests/EveConv.Onnx.Tests/EveConv.Onnx.Tests.csproj" Id="20448772-1fc6-45a5-9634-8b6cfc263c54" />
    <Project Path="Tests/EveConv.S3Helper.Tests/EveConv.S3Helper.Tests.csproj" />
  </Folder>
  <Folder Name="/Tokenizer/">
    <Project Path="Tokenizer/EveConv.HuggingFaceFastTokenizer/EveConv.HuggingFaceFastTokenizer.csproj" Id="6e880fbc-d2ca-4311-97e7-39c90836e2b7" />
  </Folder>
  <Project Path="EveConv.Abstraction/EveConv.Abstraction.csproj" />
  <Project Path="EveConv.Api/EveConv.Api.csproj" />
</Solution>
